
Microsoft Visual Studio Solution File, Format Version 12.00
# Visual Studio Version 17
VisualStudioVersion = 17.5.33414.496
MinimumVisualStudioVersion = 10.0.40219.1
Project("{FAE04EC0-301F-11D3-BF4B-00C04F79EFBC}") = "WindowsFormsApp1", "WindowsFormsApp1\WindowsFormsApp1.csproj", "{876D840B-7E5E-4F9C-915E-310C4CCD2805}"
EndProject
Global
	GlobalSection(SolutionConfigurationPlatforms) = preSolution
		Debug|Any CPU = Debug|Any CPU
		Release|Any CPU = Release|Any CPU
	EndGlobalSection
	GlobalSection(ProjectConfigurationPlatforms) = postSolution
		{876D840B-7E5E-4F9C-915E-310C4CCD2805}.Debug|Any CPU.ActiveCfg = Debug|Any CPU
		{876D840B-7E5E-4F9C-915E-310C4CCD2805}.Debug|Any CPU.Build.0 = Debug|Any CPU
		{876D840B-7E5E-4F9C-915E-310C4CCD2805}.Release|Any CPU.ActiveCfg = Release|Any CPU
		{876D840B-7E5E-4F9C-915E-310C4CCD2805}.Release|Any CPU.Build.0 = Release|Any CPU
	EndGlobalSection
	GlobalSection(SolutionProperties) = preSolution
		HideSolutionNode = FALSE
	EndGlobalSection
	GlobalSection(ExtensibilityGlobals) = postSolution
		SolutionGuid = {5BF93892-6EEB-414C-8F72-B83908CD7FA9}
	EndGlobalSection
EndGlobal
